
Microsoft Visual Studio Solution File, Format Version 12.00
# Visual Studio Version 17
VisualStudioVersion = 17.11.35312.102
MinimumVisualStudioVersion = 10.0.40219.1
Project("{FAE04EC0-301F-11D3-BF4B-00C04F79EFBC}") = "SGI_DB", "SGI_DB\SGI_DB.csproj", "{74515125-33FA-494B-9806-B680CDEBC8FC}"
EndProject
Global
	GlobalSection(SolutionConfigurationPlatforms) = preSolution
		Debug|Any CPU = Debug|Any CPU
		Release|Any CPU = Release|Any CPU
	EndGlobalSection
	GlobalSection(ProjectConfigurationPlatforms) = postSolution
		{74515125-33FA-494B-9806-B680CDEBC8FC}.Debug|Any CPU.ActiveCfg = Debug|Any CPU
		{74515125-33FA-494B-9806-B680CDEBC8FC}.Debug|Any CPU.Build.0 = Debug|Any CPU
		{74515125-33FA-494B-9806-B680CDEBC8FC}.Release|Any CPU.ActiveCfg = Release|Any CPU
		{74515125-33FA-494B-9806-B680CDEBC8FC}.Release|Any CPU.Build.0 = Release|Any CPU
	EndGlobalSection
	GlobalSection(SolutionProperties) = preSolution
		HideSolutionNode = FALSE
	EndGlobalSection
	GlobalSection(ExtensibilityGlobals) = postSolution
		SolutionGuid = {A7726970-817B-43FF-867F-4D8199EC6A41}
	EndGlobalSection
EndGlobal
